Microsoft Visual Studio Solution File, Format Version 12.00
# Visual Studio Version 17
VisualStudioVersion = 17.5.2.0
MinimumVisualStudioVersion = 10.0.40219.1
Project("{FAE04EC0-301F-11D3-BF4B-00C04F79EFBC}") = "TesteWinForms", "TesteWinForms.csproj", "{32674498-77BE-5C93-8E0A-94CDE3B9BFED}"
EndProject
Global
	GlobalSection(SolutionConfigurationPlatforms) = preSolution
		Debug|Any CPU = Debug|Any CPU
		Release|Any CPU = Release|Any CPU
	EndGlobalSection
	GlobalSection(ProjectConfigurationPlatforms) = postSolution
		{32674498-77BE-5C93-8E0A-94CDE3B9BFED}.Debug|Any CPU.ActiveCfg = Debug|Any CPU
		{32674498-77BE-5C93-8E0A-94CDE3B9BFED}.Debug|Any CPU.Build.0 = Debug|Any CPU
		{32674498-77BE-5C93-8E0A-94CDE3B9BFED}.Release|Any CPU.ActiveCfg = Release|Any CPU
		{32674498-77BE-5C93-8E0A-94CDE3B9BFED}.Release|Any CPU.Build.0 = Release|Any CPU
	EndGlobalSection
	GlobalSection(SolutionProperties) = preSolution
		HideSolutionNode = FALSE
	EndGlobalSection
	GlobalSection(ExtensibilityGlobals) = postSolution
		SolutionGuid = {000E9CCF-8D9A-474E-B73C-BCED2B7EA9A9}
	EndGlobalSection
EndGlobal
